
Microsoft Visual Studio Solution File, Format Version 12.00
# Visual Studio Version 16
VisualStudioVersion = 16.0.31624.102
MinimumVisualStudioVersion = 10.0.40219.1
Project("{9A19103F-16F7-4668-BE54-9A1E7A4F7556}") = "FluentMyProfileApp", "FluentMyProfileApp.csproj", "{21BD545E-C964-4462-BF92-F1823A8227FC}"
EndProject
Global
	GlobalSection(SolutionConfigurationPlatforms) = preSolution
		Debug|Any CPU = Debug|Any CPU
		Release|Any CPU = Release|Any CPU
	EndGlobalSection
	GlobalSection(ProjectConfigurationPlatforms) = postSolution
		{21BD545E-C964-4462-BF92-F1823A8227FC}.Debug|Any CPU.ActiveCfg = Debug|Any CPU
		{21BD545E-C964-4462-BF92-F1823A8227FC}.Debug|Any CPU.Build.0 = Debug|Any CPU
		{21BD545E-C964-4462-BF92-F1823A8227FC}.Release|Any CPU.ActiveCfg = Release|Any CPU
		{21BD545E-C964-4462-BF92-F1823A8227FC}.Release|Any CPU.Build.0 = Release|Any CPU
	EndGlobalSection
	GlobalSection(SolutionProperties) = preSolution
		HideSolutionNode = FALSE
	EndGlobalSection
	GlobalSection(ExtensibilityGlobals) = postSolution
		SolutionGuid = {BEC41788-83BA-41A9-A9D0-2FE062666600}
	EndGlobalSection
EndGlobal
